
Microsoft Visual Studio Solution File, Format Version 12.00
# Visual Studio Version 17
VisualStudioVersion = 17.14.36310.24 d17.14
MinimumVisualStudioVersion = 10.0.40219.1
Project("{FAE04EC0-301F-11D3-BF4B-00C04F79EFBC}") = "SongsAPI", "SongsAPI.csproj", "{4F013B6A-4BCA-471E-B100-CB50EB03A480}"
EndProject
Global
	GlobalSection(SolutionConfigurationPlatforms) = preSolution
		Debug|Any CPU = Debug|Any CPU
		Release|Any CPU = Release|Any CPU
	EndGlobalSection
	GlobalSection(ProjectConfigurationPlatforms) = postSolution
		{4F013B6A-4BCA-471E-B100-CB50EB03A480}.Debug|Any CPU.ActiveCfg = Debug|Any CPU
		{4F013B6A-4BCA-471E-B100-CB50EB03A480}.Debug|Any CPU.Build.0 = Debug|Any CPU
		{4F013B6A-4BCA-471E-B100-CB50EB03A480}.Release|Any CPU.ActiveCfg = Release|Any CPU
		{4F013B6A-4BCA-471E-B100-CB50EB03A480}.Release|Any CPU.Build.0 = Release|Any CPU
	EndGlobalSection
	GlobalSection(SolutionProperties) = preSolution
		HideSolutionNode = FALSE
	EndGlobalSection
	GlobalSection(ExtensibilityGlobals) = postSolution
		SolutionGuid = {71AA3FD6-FBFA-4CA7-AE6D-0F75425BBCAC}
	EndGlobalSection
EndGlobal
